# THIS IS AN AUTOGENERATED FILE. DO NOT EDIT THIS FILE DIRECTLY.
# yarn lockfile v1


"@types/node@^8.0.53":
  version "8.0.53"
  resolved "https://registry.yarnpkg.com/@types/node/-/node-8.0.53.tgz#396b35af826fa66aad472c8cb7b8d5e277f4e6d8"

antlr4@^4.7.0:
  version "4.7.0"
  resolved "https://registry.yarnpkg.com/antlr4/-/antlr4-4.7.0.tgz#297f956ddc06f83397fc0990ecf2e0cf20bfbbee"

antlr4ts-cli@^0.4.0-alpha.4:
  version "0.4.0-alpha.4"
  resolved "https://registry.yarnpkg.com/antlr4ts-cli/-/antlr4ts-cli-0.4.0-alpha.4.tgz#ab43073687b034f6a25b1f46a581bf79c6c28dd7"

antlr4ts@^0.4.1-alpha.0:
  version "0.4.1-alpha.0"
  resolved "https://registry.yarnpkg.com/antlr4ts/-/antlr4ts-0.4.1-alpha.0.tgz#ac5717f30f3efa3617b004e8ff4f860b9c7d4d20"
